{
  "name": "test",
  "lockfileVersion": 3,
  "requires": true,
  "packages": {
    "": {
      "dependencies": {
        "@visorana/ajs": "^1.0.0"
      }
    },
    "node_modules/@visorana/ajs": {
      "version": "1.0.0",
      "resolved": "https://npm.pkg.github.com/download/@visorana/ajs/1.0.0/da38ee8022568320f5a79e7a09b389d754451a75",
      "integrity": "sha512-BiJ1R1lc7+/zERf/p62zpsZxHYmWb5d9hiKbDb5Dd9j7wXoXgMTuDOhWX2OnxNkD9g1wJkN1hZj4PZSvnPyFCA==",
      "license": "ISC"
    }
  }
}
